<?xml version="1.0"?>
<CONFIG>
  <ProjectOptions>
    <Version Value="9"/>
    <PathDelim Value="\"/>
    <General>
      <SessionStorage Value="InProjectDir"/>
      <MainUnit Value="0"/>
      <Title Value="ПревНарин [PrevNarin]"/>
      <ResourceType Value="res"/>
      <UseXPManifest Value="True"/>
    </General>
    <i18n>
      <EnableI18N LFM="False"/>
    </i18n>
    <VersionInfo>
      <UseVersionInfo Value="True"/>
      <Language Value="0402"/>
      <CharSet Value="04B0"/>
      <StringTable CompanyName="СМ630" ProductVersion="ПревНарин (PrevNarin)"/>
    </VersionInfo>
    <BuildModes Count="1">
      <Item1 Name="Default" Default="True"/>
    </BuildModes>
    <PublishOptions>
      <Version Value="2"/>
      <IncludeFileFilter Value="*.(pas|pp|inc|lfm|lpr|lrs|lpi|lpk|sh|xml)"/>
      <ExcludeFileFilter Value="*.(bak|ppu|o|so);*~;backup"/>
    </PublishOptions>
    <RunParams>
      <local>
        <FormatVersion Value="1"/>
        <LaunchingApplication PathPlusParams="\usr\bin\xterm -T 'Lazarus Run Output' -e $(LazarusDir)\tools\runwait.sh $(TargetCmdLine)"/>
      </local>
    </RunParams>
    <RequiredPackages Count="1">
      <Item1>
        <PackageName Value="LCL"/>
      </Item1>
    </RequiredPackages>
    <Units Count="9">
      <Unit0>
        <Filename Value="prevnarin.lpr"/>
        <IsPartOfProject Value="True"/>
        <UnitName Value="PrevNarin"/>
      </Unit0>
      <Unit1>
        <Filename Value="frmIniPrev.pas"/>
        <IsPartOfProject Value="True"/>
        <ComponentName Value="frmIniPrevMain"/>
        <HasResources Value="True"/>
        <ResourceBaseClass Value="Form"/>
        <UnitName Value="frmIniPrev"/>
      </Unit1>
      <Unit2>
        <Filename Value="frmPNSettings.pas"/>
        <IsPartOfProject Value="True"/>
        <ComponentName Value="frmSettings"/>
        <HasResources Value="True"/>
        <ResourceBaseClass Value="Form"/>
        <UnitName Value="frmPNSettings"/>
      </Unit2>
      <Unit3>
        <Filename Value="frmPNSearch.pas"/>
        <IsPartOfProject Value="True"/>
        <ComponentName Value="frmSearch"/>
        <HasResources Value="True"/>
        <ResourceBaseClass Value="Form"/>
        <UnitName Value="frmPNSearch"/>
      </Unit3>
      <Unit4>
        <Filename Value="frmPNGoto.pas"/>
        <IsPartOfProject Value="True"/>
        <ComponentName Value="frmGoto"/>
        <HasResources Value="True"/>
        <ResourceBaseClass Value="Form"/>
        <UnitName Value="frmPNGoto"/>
      </Unit4>
      <Unit5>
        <Filename Value="PNCommons.pas"/>
        <IsPartOfProject Value="True"/>
        <UnitName Value="PNCommons"/>
      </Unit5>
      <Unit6>
        <Filename Value="frmPNAbout.pas"/>
        <IsPartOfProject Value="True"/>
        <ComponentName Value="frmAbout"/>
        <HasResources Value="True"/>
        <ResourceBaseClass Value="Form"/>
        <UnitName Value="frmPNAbout"/>
      </Unit6>
      <Unit7>
        <Filename Value="charencstreams.pas"/>
        <IsPartOfProject Value="True"/>
        <UnitName Value="charencstreams"/>
      </Unit7>
      <Unit8>
        <Filename Value="PNTranslate.pas"/>
        <IsPartOfProject Value="True"/>
        <UnitName Value="PNTranslate"/>
      </Unit8>
    </Units>
  </ProjectOptions>
  <CompilerOptions>
    <Version Value="11"/>
    <PathDelim Value="\"/>
    <Target>
      <Filename Value="PrevNarin"/>
    </Target>
    <SearchPaths>
      <IncludeFiles Value="$(ProjOutDir)"/>
      <UnitOutputDirectory Value="lib\$(TargetCPU)-$(TargetOS)"/>
    </SearchPaths>
    <Linking>
      <Options>
        <Win32>
          <GraphicApplication Value="True"/>
        </Win32>
      </Options>
    </Linking>
    <Other>
      <Verbosity>
        <ShoLineNum Value="True"/>
        <ShowAllProcsOnError Value="True"/>
      </Verbosity>
      <CompilerMessages>
        <UseMsgFile Value="True"/>
      </CompilerMessages>
      <CompilerPath Value="$(CompPath)"/>
    </Other>
  </CompilerOptions>
  <Debugging>
    <Exceptions Count="3">
      <Item1>
        <Name Value="EAbort"/>
      </Item1>
      <Item2>
        <Name Value="ECodetoolError"/>
      </Item2>
      <Item3>
        <Name Value="EFOpenError"/>
      </Item3>
    </Exceptions>
  </Debugging>
</CONFIG>
